
Microsoft Visual Studio Solution File, Format Version 12.00
# Visual Studio Version 16
VisualStudioVersion = 16.0.30524.135
MinimumVisualStudioVersion = 10.0.40219.1
Project("{FAE04EC0-301F-11D3-BF4B-00C04F79EFBC}") = "DemoAppModel", "DemoAppModel\DemoAppModel.csproj", "{1857D654-AD34-4028-9EB7-8E72D37000C0}"
EndProject
Global
	GlobalSection(SolutionConfigurationPlatforms) = preSolution
		Debug|Any CPU = Debug|Any CPU
		Release|Any CPU = Release|Any CPU
	EndGlobalSection
	GlobalSection(ProjectConfigurationPlatforms) = postSolution
		{1857D654-AD34-4028-9EB7-8E72D37000C0}.Debug|Any CPU.ActiveCfg = Debug|Any CPU
		{1857D654-AD34-4028-9EB7-8E72D37000C0}.Debug|Any CPU.Build.0 = Debug|Any CPU
		{1857D654-AD34-4028-9EB7-8E72D37000C0}.Release|Any CPU.ActiveCfg = Release|Any CPU
		{1857D654-AD34-4028-9EB7-8E72D37000C0}.Release|Any CPU.Build.0 = Release|Any CPU
	EndGlobalSection
	GlobalSection(SolutionProperties) = preSolution
		HideSolutionNode = FALSE
	EndGlobalSection
	GlobalSection(ExtensibilityGlobals) = postSolution
		SolutionGuid = {F9CF4B2B-0884-450C-91EF-D6AF5A79DFF9}
	EndGlobalSection
EndGlobal
